// !$*UTF8*$!
{
	archiveVersion = 1;
	classes = {
	};
	objectVersion = 55;
	objects = {

/* Begin PBXBuildFile section */
		D2DD95F8284BD42800D462E9 /* PaypaalApp.swift in Sources */ = {isa = PBXBuildFile; fileRef = D2DD95F7284BD42800D462E9 /* PaypaalApp.swift */; };
		D2DD95FA284BD42800D462E9 /* ContentView.swift in Sources */ = {isa = PBXBuildFile; fileRef = D2DD95F9284BD42800D462E9 /* ContentView.swift */; };
		D2DD95FC284BD42A00D462E9 /* Assets.xcassets in Resources */ = {isa = PBXBuildFile; fileRef = D2DD95FB284BD42A00D462E9 /* Assets.xcassets */; };
		D2DD95FF284BD42A00D462E9 /* Preview Assets.xcassets in Resources */ = {isa = PBXBuildFile; fileRef = D2DD95FE284BD42A00D462E9 /* Preview Assets.xcassets */; };
		D2DD960B284BD6CE00D462E9 /* SignInView.swift in Sources */ = {isa = PBXBuildFile; fileRef = D2DD960A284BD6CE00D462E9 /* SignInView.swift */; };
		D2DD9629284E4A3800D462E9 /* MainButtonStyle.swift in Sources */ = {isa = PBXBuildFile; fileRef = D2DD9628284E4A3800D462E9 /* MainButtonStyle.swift */; };
		D2DD962D284E4C0300D462E9 /* MainField.swift in Sources */ = {isa = PBXBuildFile; fileRef = D2DD962C284E4C0300D462E9 /* MainField.swift */; };
		D2DD9630284E4DC300D462E9 /* Color+Extension.swift in Sources */ = {isa = PBXBuildFile; fileRef = D2DD962F284E4DC300D462E9 /* Color+Extension.swift */; };
		D2DD9632284E4EC600D462E9 /* SecondaryButtonStyle.swift in Sources */ = {isa = PBXBuildFile; fileRef = D2DD9631284E4EC600D462E9 /* SecondaryButtonStyle.swift */; };
		D2DD9637284E581800D462E9 /* APIManager.swift in Sources */ = {isa = PBXBuildFile; fileRef = D2DD9636284E581800D462E9 /* APIManager.swift */; };
		D2DD9639284E598E00D462E9 /* NetworkError.swift in Sources */ = {isa = PBXBuildFile; fileRef = D2DD9638284E598E00D462E9 /* NetworkError.swift */; };
		D2DD963D284E59EB00D462E9 /* RequestProtocol.swift in Sources */ = {isa = PBXBuildFile; fileRef = D2DD963C284E59EB00D462E9 /* RequestProtocol.swift */; };
		D2DD963F284E5A2500D462E9 /* RequestType.swift in Sources */ = {isa = PBXBuildFile; fileRef = D2DD963E284E5A2500D462E9 /* RequestType.swift */; };
		D2DD9641284E5A9F00D462E9 /* APIConstants.swift in Sources */ = {isa = PBXBuildFile; fileRef = D2DD9640284E5A9F00D462E9 /* APIConstants.swift */; };
/* End PBXBuildFile section */

/* Begin PBXFileReference section */
		D2DD95F4284BD42800D462E9 /* Paypaal.app */ = {isa = PBXFileReference; explicitFileType = wrapper.application; includeInIndex = 0; path = Paypaal.app; sourceTree = BUILT_PRODUCTS_DIR; };
		D2DD95F7284BD42800D462E9 /* PaypaalApp.swift */ = {isa = PBXFileReference; lastKnownFileType = sourcecode.swift; path = PaypaalApp.swift; sourceTree = "<group>"; };
		D2DD95F9284BD42800D462E9 /* ContentView.swift */ = {isa = PBXFileReference; lastKnownFileType = sourcecode.swift; path = ContentView.swift; sourceTree = "<group>"; };
		D2DD95FB284BD42A00D462E9 /* Assets.xcassets */ = {isa = PBXFileReference; lastKnownFileType = folder.assetcatalog; path = Assets.xcassets; sourceTree = "<group>"; };
		D2DD95FE284BD42A00D462E9 /* Preview Assets.xcassets */ = {isa = PBXFileReference; lastKnownFileType = folder.assetcatalog; path = "Preview Assets.xcassets"; sourceTree = "<group>"; };
		D2DD960A284BD6CE00D462E9 /* SignInView.swift */ = {isa = PBXFileReference; lastKnownFileType = sourcecode.swift; path = SignInView.swift; sourceTree = "<group>"; };
		D2DD9628284E4A3800D462E9 /* MainButtonStyle.swift */ = {isa = PBXFileReference; lastKnownFileType = sourcecode.swift; path = MainButtonStyle.swift; sourceTree = "<group>"; };
		D2DD962C284E4C0300D462E9 /* MainField.swift */ = {isa = PBXFileReference; lastKnownFileType = sourcecode.swift; path = MainField.swift; sourceTree = "<group>"; };
		D2DD962F284E4DC300D462E9 /* Color+Extension.swift */ = {isa = PBXFileReference; lastKnownFileType = sourcecode.swift; path = "Color+Extension.swift"; sourceTree = "<group>"; };
		D2DD9631284E4EC600D462E9 /* SecondaryButtonStyle.swift */ = {isa = PBXFileReference; lastKnownFileType = sourcecode.swift; path = SecondaryButtonStyle.swift; sourceTree = "<group>"; };
		D2DD9636284E581800D462E9 /* APIManager.swift */ = {isa = PBXFileReference; lastKnownFileType = sourcecode.swift; path = APIManager.swift; sourceTree = "<group>"; };
		D2DD9638284E598E00D462E9 /* NetworkError.swift */ = {isa = PBXFileReference; lastKnownFileType = sourcecode.swift; path = NetworkError.swift; sourceTree = "<group>"; };
		D2DD963C284E59EB00D462E9 /* RequestProtocol.swift */ = {isa = PBXFileReference; lastKnownFileType = sourcecode.swift; path = RequestProtocol.swift; sourceTree = "<group>"; };
		D2DD963E284E5A2500D462E9 /* RequestType.swift */ = {isa = PBXFileReference; lastKnownFileType = sourcecode.swift; path = RequestType.swift; sourceTree = "<group>"; };
		D2DD9640284E5A9F00D462E9 /* APIConstants.swift */ = {isa = PBXFileReference; lastKnownFileType = sourcecode.swift; path = APIConstants.swift; sourceTree = "<group>"; };
/* End PBXFileReference section */

/* Begin PBXFrameworksBuildPhase section */
		D2DD95F1284BD42800D462E9 /* Frameworks */ = {
			isa = PBXFrameworksBuildPhase;
			buildActionMask = 2147483647;
			files = (
			);
			runOnlyForDeploymentPostprocessing = 0;
		};
/* End PBXFrameworksBuildPhase section */

/* Begin PBXGroup section */
		D2DD95EB284BD42800D462E9 = {
			isa = PBXGroup;
			children = (
				D2DD95F6284BD42800D462E9 /* Paypaal */,
				D2DD95F5284BD42800D462E9 /* Products */,
			);
			sourceTree = "<group>";
		};
		D2DD95F5284BD42800D462E9 /* Products */ = {
			isa = PBXGroup;
			children = (
				D2DD95F4284BD42800D462E9 /* Paypaal.app */,
			);
			name = Products;
			sourceTree = "<group>";
		};
		D2DD95F6284BD42800D462E9 /* Paypaal */ = {
			isa = PBXGroup;
			children = (
				D2DD9626284E4A1300D462E9 /* Core */,
				D2DD9605284BD60800D462E9 /* Domain */,
				D2DD95F7284BD42800D462E9 /* PaypaalApp.swift */,
				D2DD95F9284BD42800D462E9 /* ContentView.swift */,
				D2DD95FB284BD42A00D462E9 /* Assets.xcassets */,
				D2DD95FD284BD42A00D462E9 /* Preview Content */,
			);
			path = Paypaal;
			sourceTree = "<group>";
		};
		D2DD95FD284BD42A00D462E9 /* Preview Content */ = {
			isa = PBXGroup;
			children = (
				D2DD95FE284BD42A00D462E9 /* Preview Assets.xcassets */,
			);
			path = "Preview Content";
			sourceTree = "<group>";
		};
		D2DD9605284BD60800D462E9 /* Domain */ = {
			isa = PBXGroup;
			children = (
				D2DD9606284BD60E00D462E9 /* Login */,
			);
			path = Domain;
			sourceTree = "<group>";
		};
		D2DD9606284BD60E00D462E9 /* Login */ = {
			isa = PBXGroup;
			children = (
				D2DD9607284BD62400D462E9 /* Models */,
				D2DD9608284BD63C00D462E9 /* Scenes */,
			);
			path = Login;
			sourceTree = "<group>";
		};
		D2DD9607284BD62400D462E9 /* Models */ = {
			isa = PBXGroup;
			children = (
			);
			path = Models;
			sourceTree = "<group>";
		};
		D2DD9608284BD63C00D462E9 /* Scenes */ = {
			isa = PBXGroup;
			children = (
				D2DD9609284BD6C200D462E9 /* SignIn */,
			);
			path = Scenes;
			sourceTree = "<group>";
		};
		D2DD9609284BD6C200D462E9 /* SignIn */ = {
			isa = PBXGroup;
			children = (
				D2DD960A284BD6CE00D462E9 /* SignInView.swift */,
			);
			path = SignIn;
			sourceTree = "<group>";
		};
		D2DD9626284E4A1300D462E9 /* Core */ = {
			isa = PBXGroup;
			children = (
				D2DD9633284E57D100D462E9 /* Data */,
				D2DD9627284E4A2D00D462E9 /* Views */,
			);
			path = Core;
			sourceTree = "<group>";
		};
		D2DD9627284E4A2D00D462E9 /* Views */ = {
			isa = PBXGroup;
			children = (
				D2DD962E284E4DB800D462E9 /* Extensions */,
				D2DD962B284E4BED00D462E9 /* ViewModifier */,
				D2DD962A284E4BE400D462E9 /* ButtonStyle */,
			);
			path = Views;
			sourceTree = "<group>";
		};
		D2DD962A284E4BE400D462E9 /* ButtonStyle */ = {
			isa = PBXGroup;
			children = (
				D2DD9628284E4A3800D462E9 /* MainButtonStyle.swift */,
				D2DD9631284E4EC600D462E9 /* SecondaryButtonStyle.swift */,
			);
			path = ButtonStyle;
			sourceTree = "<group>";
		};
		D2DD962B284E4BED00D462E9 /* ViewModifier */ = {
			isa = PBXGroup;
			children = (
				D2DD962C284E4C0300D462E9 /* MainField.swift */,
			);
			path = ViewModifier;
			sourceTree = "<group>";
		};
		D2DD962E284E4DB800D462E9 /* Extensions */ = {
			isa = PBXGroup;
			children = (
				D2DD962F284E4DC300D462E9 /* Color+Extension.swift */,
			);
			path = Extensions;
			sourceTree = "<group>";
		};
		D2DD9633284E57D100D462E9 /* Data */ = {
			isa = PBXGroup;
			children = (
				D2DD963A284E59B500D462E9 /* Api */,
			);
			path = Data;
			sourceTree = "<group>";
		};
		D2DD9634284E57DE00D462E9 /* Network */ = {
			isa = PBXGroup;
			children = (
				D2DD9636284E581800D462E9 /* APIManager.swift */,
				D2DD9638284E598E00D462E9 /* NetworkError.swift */,
			);
			path = Network;
			sourceTree = "<group>";
		};
		D2DD963A284E59B500D462E9 /* Api */ = {
			isa = PBXGroup;
			children = (
				D2DD963B284E59E400D462E9 /* Request */,
				D2DD9634284E57DE00D462E9 /* Network */,
				D2DD9640284E5A9F00D462E9 /* APIConstants.swift */,
			);
			path = Api;
			sourceTree = "<group>";
		};
		D2DD963B284E59E400D462E9 /* Request */ = {
			isa = PBXGroup;
			children = (
				D2DD963C284E59EB00D462E9 /* RequestProtocol.swift */,
				D2DD963E284E5A2500D462E9 /* RequestType.swift */,
			);
			path = Request;
			sourceTree = "<group>";
		};
/* End PBXGroup section */

/* Begin PBXNativeTarget section */
		D2DD95F3284BD42800D462E9 /* Paypaal */ = {
			isa = PBXNativeTarget;
			buildConfigurationList = D2DD9602284BD42A00D462E9 /* Build configuration list for PBXNativeTarget "Paypaal" */;
			buildPhases = (
				D2DD95F0284BD42800D462E9 /* Sources */,
				D2DD95F1284BD42800D462E9 /* Frameworks */,
				D2DD95F2284BD42800D462E9 /* Resources */,
			);
			buildRules = (
			);
			dependencies = (
			);
			name = Paypaal;
			productName = Paypaal;
			productReference = D2DD95F4284BD42800D462E9 /* Paypaal.app */;
			productType = "com.apple.product-type.application";
		};
/* End PBXNativeTarget section */

/* Begin PBXProject section */
		D2DD95EC284BD42800D462E9 /* Project object */ = {
			isa = PBXProject;
			attributes = {
				BuildIndependentTargetsInParallel = 1;
				LastSwiftUpdateCheck = 1340;
				LastUpgradeCheck = 1340;
				TargetAttributes = {
					D2DD95F3284BD42800D462E9 = {
						CreatedOnToolsVersion = 13.4;
					};
				};
			};
			buildConfigurationList = D2DD95EF284BD42800D462E9 /* Build configuration list for PBXProject "Paypaal" */;
			compatibilityVersion = "Xcode 13.0";
			developmentRegion = en;
			hasScannedForEncodings = 0;
			knownRegions = (
				en,
				Base,
			);
			mainGroup = D2DD95EB284BD42800D462E9;
			productRefGroup = D2DD95F5284BD42800D462E9 /* Products */;
			projectDirPath = "";
			projectRoot = "";
			targets = (
				D2DD95F3284BD42800D462E9 /* Paypaal */,
			);
		};
/* End PBXProject section */

/* Begin PBXResourcesBuildPhase section */
		D2DD95F2284BD42800D462E9 /* Resources */ = {
			isa = PBXResourcesBuildPhase;
			buildActionMask = 2147483647;
			files = (
				D2DD95FF284BD42A00D462E9 /* Preview Assets.xcassets in Resources */,
				D2DD95FC284BD42A00D462E9 /* Assets.xcassets in Resources */,
			);
			runOnlyForDeploymentPostprocessing = 0;
		};
/* End PBXResourcesBuildPhase section */

/* Begin PBXSourcesBuildPhase section */
		D2DD95F0284BD42800D462E9 /* Sources */ = {
			isa = PBXSourcesBuildPhase;
			buildActionMask = 2147483647;
			files = (
				D2DD9637284E581800D462E9 /* APIManager.swift in Sources */,
				D2DD95FA284BD42800D462E9 /* ContentView.swift in Sources */,
				D2DD962D284E4C0300D462E9 /* MainField.swift in Sources */,
				D2DD960B284BD6CE00D462E9 /* SignInView.swift in Sources */,
				D2DD9629284E4A3800D462E9 /* MainButtonStyle.swift in Sources */,
				D2DD95F8284BD42800D462E9 /* PaypaalApp.swift in Sources */,
				D2DD9639284E598E00D462E9 /* NetworkError.swift in Sources */,
				D2DD9630284E4DC300D462E9 /* Color+Extension.swift in Sources */,
				D2DD9641284E5A9F00D462E9 /* APIConstants.swift in Sources */,
				D2DD963F284E5A2500D462E9 /* RequestType.swift in Sources */,
				D2DD9632284E4EC600D462E9 /* SecondaryButtonStyle.swift in Sources */,
				D2DD963D284E59EB00D462E9 /* RequestProtocol.swift in Sources */,
			);
			runOnlyForDeploymentPostprocessing = 0;
		};
/* End PBXSourcesBuildPhase section */

/* Begin XCBuildConfiguration section */
		D2DD9600284BD42A00D462E9 /* Debug */ = {
			isa = XCBuildConfiguration;
			buildSettings = {
				ALWAYS_SEARCH_USER_PATHS = NO;
				CLANG_ANALYZER_NONNULL = YES;
				CLANG_ANALYZER_NUMBER_OBJECT_CONVERSION = YES_AGGRESSIVE;
				CLANG_CXX_LANGUAGE_STANDARD = "gnu++17";
				CLANG_ENABLE_MODULES = YES;
				CLANG_ENABLE_OBJC_ARC = YES;
				CLANG_ENABLE_OBJC_WEAK = YES;
				CLANG_WARN_BLOCK_CAPTURE_AUTORELEASING = YES;
				CLANG_WARN_BOOL_CONVERSION = YES;
				CLANG_WARN_COMMA = YES;
				CLANG_WARN_CONSTANT_CONVERSION = YES;
				CLANG_WARN_DEPRECATED_OBJC_IMPLEMENTATIONS = YES;
				CLANG_WARN_DIRECT_OBJC_ISA_USAGE = YES_ERROR;
				CLANG_WARN_DOCUMENTATION_COMMENTS = YES;
				CLANG_WARN_EMPTY_BODY = YES;
				CLANG_WARN_ENUM_CONVERSION = YES;
				CLANG_WARN_INFINITE_RECURSION = YES;
				CLANG_WARN_INT_CONVERSION = YES;
				CLANG_WARN_NON_LITERAL_NULL_CONVERSION = YES;
				CLANG_WARN_OBJC_IMPLICIT_RETAIN_SELF = YES;
				CLANG_WARN_OBJC_LITERAL_CONVERSION = YES;
				CLANG_WARN_OBJC_ROOT_CLASS = YES_ERROR;
				CLANG_WARN_QUOTED_INCLUDE_IN_FRAMEWORK_HEADER = YES;
				CLANG_WARN_RANGE_LOOP_ANALYSIS = YES;
				CLANG_WARN_STRICT_PROTOTYPES = YES;
				CLANG_WARN_SUSPICIOUS_MOVE = YES;
				CLANG_WARN_UNGUARDED_AVAILABILITY = YES_AGGRESSIVE;
				CLANG_WARN_UNREACHABLE_CODE = YES;
				CLANG_WARN__DUPLICATE_METHOD_MATCH = YES;
				COPY_PHASE_STRIP = NO;
				DEBUG_INFORMATION_FORMAT = dwarf;
				ENABLE_STRICT_OBJC_MSGSEND = YES;
				ENABLE_TESTABILITY = YES;
				GCC_C_LANGUAGE_STANDARD = gnu11;
				GCC_DYNAMIC_NO_PIC = NO;
				GCC_NO_COMMON_BLOCKS = YES;
				GCC_OPTIMIZATION_LEVEL = 0;
				GCC_PREPROCESSOR_DEFINITIONS = (
					"DEBUG=1",
					"$(inherited)",
				);
				GCC_WARN_64_TO_32_BIT_CONVERSION = YES;
				GCC_WARN_ABOUT_RETURN_TYPE = YES_ERROR;
				GCC_WARN_UNDECLARED_SELECTOR = YES;
				GCC_WARN_UNINITIALIZED_AUTOS = YES_AGGRESSIVE;
				GCC_WARN_UNUSED_FUNCTION = YES;
				GCC_WARN_UNUSED_VARIABLE = YES;
				IPHONEOS_DEPLOYMENT_TARGET = 15.5;
				MTL_ENABLE_DEBUG_INFO = INCLUDE_SOURCE;
				MTL_FAST_MATH = YES;
				ONLY_ACTIVE_ARCH = YES;
				SDKROOT = iphoneos;
				SWIFT_ACTIVE_COMPILATION_CONDITIONS = DEBUG;
				SWIFT_OPTIMIZATION_LEVEL = "-Onone";
			};
			name = Debug;
		};
		D2DD9601284BD42A00D462E9 /* Release */ = {
			isa = XCBuildConfiguration;
			buildSettings = {
				ALWAYS_SEARCH_USER_PATHS = NO;
				CLANG_ANALYZER_NONNULL = YES;
				CLANG_ANALYZER_NUMBER_OBJECT_CONVERSION = YES_AGGRESSIVE;
				CLANG_CXX_LANGUAGE_STANDARD = "gnu++17";
				CLANG_ENABLE_MODULES = YES;
				CLANG_ENABLE_OBJC_ARC = YES;
				CLANG_ENABLE_OBJC_WEAK = YES;
				CLANG_WARN_BLOCK_CAPTURE_AUTORELEASING = YES;
				CLANG_WARN_BOOL_CONVERSION = YES;
				CLANG_WARN_COMMA = YES;
				CLANG_WARN_CONSTANT_CONVERSION = YES;
				CLANG_WARN_DEPRECATED_OBJC_IMPLEMENTATIONS = YES;
				CLANG_WARN_DIRECT_OBJC_ISA_USAGE = YES_ERROR;
				CLANG_WARN_DOCUMENTATION_COMMENTS = YES;
				CLANG_WARN_EMPTY_BODY = YES;
				CLANG_WARN_ENUM_CONVERSION = YES;
				CLANG_WARN_INFINITE_RECURSION = YES;
				CLANG_WARN_INT_CONVERSION = YES;
				CLANG_WARN_NON_LITERAL_NULL_CONVERSION = YES;
				CLANG_WARN_OBJC_IMPLICIT_RETAIN_SELF = YES;
				CLANG_WARN_OBJC_LITERAL_CONVERSION = YES;
				CLANG_WARN_OBJC_ROOT_CLASS = YES_ERROR;
				CLANG_WARN_QUOTED_INCLUDE_IN_FRAMEWORK_HEADER = YES;
				CLANG_WARN_RANGE_LOOP_ANALYSIS = YES;
				CLANG_WARN_STRICT_PROTOTYPES = YES;
				CLANG_WARN_SUSPICIOUS_MOVE = YES;
				CLANG_WARN_UNGUARDED_AVAILABILITY = YES_AGGRESSIVE;
				CLANG_WARN_UNREACHABLE_CODE = YES;
				CLANG_WARN__DUPLICATE_METHOD_MATCH = YES;
				COPY_PHASE_STRIP = NO;
				DEBUG_INFORMATION_FORMAT = "dwarf-with-dsym";
				ENABLE_NS_ASSERTIONS = NO;
				ENABLE_STRICT_OBJC_MSGSEND = YES;
				GCC_C_LANGUAGE_STANDARD = gnu11;
				GCC_NO_COMMON_BLOCKS = YES;
				GCC_WARN_64_TO_32_BIT_CONVERSION = YES;
				GCC_WARN_ABOUT_RETURN_TYPE = YES_ERROR;
				GCC_WARN_UNDECLARED_SELECTOR = YES;
				GCC_WARN_UNINITIALIZED_AUTOS = YES_AGGRESSIVE;
				GCC_WARN_UNUSED_FUNCTION = YES;
				GCC_WARN_UNUSED_VARIABLE = YES;
				IPHONEOS_DEPLOYMENT_TARGET = 15.5;
				MTL_ENABLE_DEBUG_INFO = NO;
				MTL_FAST_MATH = YES;
				SDKROOT = iphoneos;
				SWIFT_COMPILATION_MODE = wholemodule;
				SWIFT_OPTIMIZATION_LEVEL = "-O";
				VALIDATE_PRODUCT = YES;
			};
			name = Release;
		};
		D2DD9603284BD42A00D462E9 /* Debug */ = {
			isa = XCBuildConfiguration;
			buildSettings = {
				ASSETCATALOG_COMPILER_APPICON_NAME = AppIcon;
				ASSETCATALOG_COMPILER_GLOBAL_ACCENT_COLOR_NAME = AccentColor;
				CODE_SIGN_STYLE = Automatic;
				CURRENT_PROJECT_VERSION = 1;
				DEVELOPMENT_ASSET_PATHS = "\"Paypaal/Preview Content\"";
				DEVELOPMENT_TEAM = 6G68R287BD;
				ENABLE_PREVIEWS = YES;
				GENERATE_INFOPLIST_FILE = YES;
				INFOPLIST_KEY_UIApplicationSceneManifest_Generation = YES;
				INFOPLIST_KEY_UIApplicationSupportsIndirectInputEvents = YES;
				INFOPLIST_KEY_UILaunchScreen_Generation = YES;
				INFOPLIST_KEY_UISupportedInterfaceOrientations_iPad = "UIInterfaceOrientationPortrait UIInterfaceOrientationPortraitUpsideDown UIInterfaceOrientationLandscapeLeft UIInterfaceOrientationLandscapeRight";
				INFOPLIST_KEY_UISupportedInterfaceOrientations_iPhone = "UIInterfaceOrientationPortrait UIInterfaceOrientationLandscapeLeft UIInterfaceOrientationLandscapeRight";
				LD_RUNPATH_SEARCH_PATHS = (
					"$(inherited)",
					"@executable_path/Frameworks",
				);
				MARKETING_VERSION = 1.0;
				PRODUCT_BUNDLE_IDENTIFIER = fr.vincentgrossier.Paypaal;
				PRODUCT_NAME = "$(TARGET_NAME)";
				SWIFT_EMIT_LOC_STRINGS = YES;
				SWIFT_VERSION = 5.0;
				TARGETED_DEVICE_FAMILY = "1,2";
			};
			name = Debug;
		};
		D2DD9604284BD42A00D462E9 /* Release */ = {
			isa = XCBuildConfiguration;
			buildSettings = {
				ASSETCATALOG_COMPILER_APPICON_NAME = AppIcon;
				ASSETCATALOG_COMPILER_GLOBAL_ACCENT_COLOR_NAME = AccentColor;
				CODE_SIGN_STYLE = Automatic;
				CURRENT_PROJECT_VERSION = 1;
				DEVELOPMENT_ASSET_PATHS = "\"Paypaal/Preview Content\"";
				DEVELOPMENT_TEAM = 6G68R287BD;
				ENABLE_PREVIEWS = YES;
				GENERATE_INFOPLIST_FILE = YES;
				INFOPLIST_KEY_UIApplicationSceneManifest_Generation = YES;
				INFOPLIST_KEY_UIApplicationSupportsIndirectInputEvents = YES;
				INFOPLIST_KEY_UILaunchScreen_Generation = YES;
				INFOPLIST_KEY_UISupportedInterfaceOrientations_iPad = "UIInterfaceOrientationPortrait UIInterfaceOrientationPortraitUpsideDown UIInterfaceOrientationLandscapeLeft UIInterfaceOrientationLandscapeRight";
				INFOPLIST_KEY_UISupportedInterfaceOrientations_iPhone = "UIInterfaceOrientationPortrait UIInterfaceOrientationLandscapeLeft UIInterfaceOrientationLandscapeRight";
				LD_RUNPATH_SEARCH_PATHS = (
					"$(inherited)",
					"@executable_path/Frameworks",
				);
				MARKETING_VERSION = 1.0;
				PRODUCT_BUNDLE_IDENTIFIER = fr.vincentgrossier.Paypaal;
				PRODUCT_NAME = "$(TARGET_NAME)";
				SWIFT_EMIT_LOC_STRINGS = YES;
				SWIFT_VERSION = 5.0;
				TARGETED_DEVICE_FAMILY = "1,2";
			};
			name = Release;
		};
/* End XCBuildConfiguration section */

/* Begin XCConfigurationList section */
		D2DD95EF284BD42800D462E9 /* Build configuration list for PBXProject "Paypaal" */ = {
			isa = XCConfigurationList;
			buildConfigurations = (
				D2DD9600284BD42A00D462E9 /* Debug */,
				D2DD9601284BD42A00D462E9 /* Release */,
			);
			defaultConfigurationIsVisible = 0;
			defaultConfigurationName = Release;
		};
		D2DD9602284BD42A00D462E9 /* Build configuration list for PBXNativeTarget "Paypaal" */ = {
			isa = XCConfigurationList;
			buildConfigurations = (
				D2DD9603284BD42A00D462E9 /* Debug */,
				D2DD9604284BD42A00D462E9 /* Release */,
			);
			defaultConfigurationIsVisible = 0;
			defaultConfigurationName = Release;
		};
/* End XCConfigurationList section */
	};
	rootObject = D2DD95EC284BD42800D462E9 /* Project object */;
}
